
Microsoft Visual Studio Solution File, Format Version 12.00
# Visual Studio Version 17
VisualStudioVersion = 17.14.37328.6 d17.14
MinimumVisualStudioVersion = 10.0.40219.1
Project("{8BC9CEB8-8B4A-11D0-8D11-00A0C91BC942}") = "マッスルねこ", "マッスルねこ.vcxproj", "{45AD52E7-EFEB-479D-81C6-E135C290C426}"
EndProject
Global
	GlobalSection(SolutionConfigurationPlatforms) = preSolution
		Debug|x64 = Debug|x64
		Debug|x86 = Debug|x86
		Release|x64 = Release|x64
		Release|x86 = Release|x86
	EndGlobalSection
	GlobalSection(ProjectConfigurationPlatforms) = postSolution
		{45AD52E7-EFEB-479D-81C6-E135C290C426}.Debug|x64.ActiveCfg = Debug|x64
		{45AD52E7-EFEB-479D-81C6-E135C290C426}.Debug|x64.Build.0 = Debug|x64
		{45AD52E7-EFEB-479D-81C6-E135C290C426}.Debug|x86.ActiveCfg = Debug|Win32
		{45AD52E7-EFEB-479D-81C6-E135C290C426}.Debug|x86.Build.0 = Debug|Win32
		{45AD52E7-EFEB-479D-81C6-E135C290C426}.Release|x64.ActiveCfg = Release|x64
		{45AD52E7-EFEB-479D-81C6-E135C290C426}.Release|x64.Build.0 = Release|x64
		{45AD52E7-EFEB-479D-81C6-E135C290C426}.Release|x86.ActiveCfg = Release|Win32
		{45AD52E7-EFEB-479D-81C6-E135C290C426}.Release|x86.Build.0 = Release|Win32
	EndGlobalSection
	GlobalSection(SolutionProperties) = preSolution
		HideSolutionNode = FALSE
	EndGlobalSection
	GlobalSection(ExtensibilityGlobals) = postSolution
		SolutionGuid = {B1089650-BCA3-4759-B9B6-C19143747899}
	EndGlobalSection
EndGlobal
